
Microsoft Visual Studio Solution File, Format Version 12.00
# Visual Studio Version 17
VisualStudioVersion = 17.7.34031.279
MinimumVisualStudioVersion = 10.0.40219.1
Project("{FAE04EC0-301F-11D3-BF4B-00C04F79EFBC}") = "CarotApp", "CarotApp.csproj", "{CA128EEA-C7C8-4955-863D-59FA901B0501}"
EndProject
Global
	GlobalSection(SolutionConfigurationPlatforms) = preSolution
		Debug|Any CPU = Debug|Any CPU
		Release|Any CPU = Release|Any CPU
	EndGlobalSection
	GlobalSection(ProjectConfigurationPlatforms) = postSolution
		{CA128EEA-C7C8-4955-863D-59FA901B0501}.Debug|Any CPU.ActiveCfg = Debug|Any CPU
		{CA128EEA-C7C8-4955-863D-59FA901B0501}.Debug|Any CPU.Build.0 = Debug|Any CPU
		{CA128EEA-C7C8-4955-863D-59FA901B0501}.Release|Any CPU.ActiveCfg = Release|Any CPU
		{CA128EEA-C7C8-4955-863D-59FA901B0501}.Release|Any CPU.Build.0 = Release|Any CPU
	EndGlobalSection
	GlobalSection(SolutionProperties) = preSolution
		HideSolutionNode = FALSE
	EndGlobalSection
	GlobalSection(ExtensibilityGlobals) = postSolution
		SolutionGuid = {00BBD874-C7D3-4D00-A645-3B5A6AD4E13F}
	EndGlobalSection
EndGlobal
